
Microsoft Visual Studio Solution File, Format Version 12.00
# Visual Studio Version 16
VisualStudioVersion = 16.0.31624.102
MinimumVisualStudioVersion = 10.0.40219.1
Project("{FAE04EC0-301F-11D3-BF4B-00C04F79EFBC}") = "LogIn(Giriş) Arayüzü deneme1", "LogIn(Giriş) Arayüzü deneme1\LogIn(Giriş) Arayüzü deneme1.csproj", "{AA6F51B5-B4CB-49E1-84BA-A12318870945}"
EndProject
Global
	GlobalSection(SolutionConfigurationPlatforms) = preSolution
		Debug|Any CPU = Debug|Any CPU
		Release|Any CPU = Release|Any CPU
	EndGlobalSection
	GlobalSection(ProjectConfigurationPlatforms) = postSolution
		{AA6F51B5-B4CB-49E1-84BA-A12318870945}.Debug|Any CPU.ActiveCfg = Debug|Any CPU
		{AA6F51B5-B4CB-49E1-84BA-A12318870945}.Debug|Any CPU.Build.0 = Debug|Any CPU
		{AA6F51B5-B4CB-49E1-84BA-A12318870945}.Release|Any CPU.ActiveCfg = Release|Any CPU
		{AA6F51B5-B4CB-49E1-84BA-A12318870945}.Release|Any CPU.Build.0 = Release|Any CPU
	EndGlobalSection
	GlobalSection(SolutionProperties) = preSolution
		HideSolutionNode = FALSE
	EndGlobalSection
	GlobalSection(ExtensibilityGlobals) = postSolution
		SolutionGuid = {CAFDF571-F18E-4192-AF20-AA5D079B0112}
	EndGlobalSection
EndGlobal
